{
  "lockfile_version": "1",
  "packages": {
    "devbox@latest": {
      "last_modified": "2024-11-03T14:18:04Z",
      "resolved": "github:NixOS/nixpkgs/4ae2e647537bcdbb82265469442713d066675275#devbox",
      "source": "devbox-search",
      "version": "0.13.4",
      "systems": {
        "aarch64-darwin": {
          "outputs": [
            {
              "name": "out",
              "path": "/nix/store/h2klavwjqjbbynb5agkmqx2dz2c3j04a-devbox-0.13.4",
              "default": true
            }
          ],
          "store_path": "/nix/store/h2klavwjqjbbynb5agkmqx2dz2c3j04a-devbox-0.13.4"
        },
        "aarch64-linux": {
          "outputs": [
            {
              "name": "out",
              "path": "/nix/store/vzn3bax74nf95i862z7nkpgfmriwh8ay-devbox-0.13.4",
              "default": true
            }
          ],
          "store_path": "/nix/store/vzn3bax74nf95i862z7nkpgfmriwh8ay-devbox-0.13.4"
        },
        "x86_64-darwin": {
          "outputs": [
            {
              "name": "out",
              "path": "/nix/store/dcw3vm3g2hwfsdm7cqxfh0rgivc67l0i-devbox-0.13.4",
              "default": true
            }
          ],
          "store_path": "/nix/store/dcw3vm3g2hwfsdm7cqxfh0rgivc67l0i-devbox-0.13.4"
        },
        "x86_64-linux": {
          "outputs": [
            {
              "name": "out",
              "path": "/nix/store/psb3pkrhqwyykjdkhv273bjljbd7ksvx-devbox-0.13.4",
              "default": true
            }
          ],
          "store_path": "/nix/store/psb3pkrhqwyykjdkhv273bjljbd7ksvx-devbox-0.13.4"
        }
      }
    },
    "jdk@17": {
      "last_modified": "2024-11-03T14:18:04Z",
      "resolved": "github:NixOS/nixpkgs/4ae2e647537bcdbb82265469442713d066675275#jdk17",
      "source": "devbox-search",
      "version": "17.0.12+7",
      "systems": {
        "aarch64-linux": {
          "outputs": [
            {
              "name": "out",
              "path": "/nix/store/9b6v3yni3s7785xq1xshqjs25hmdwhr6-openjdk-17.0.12+7",
              "default": true
            },
            {
              "name": "debug",
              "path": "/nix/store/wyj0kpfr2wm9ii65njjh7nq6pxvq5nqk-openjdk-17.0.12+7-debug"
            }
          ],
          "store_path": "/nix/store/9b6v3yni3s7785xq1xshqjs25hmdwhr6-openjdk-17.0.12+7"
        },
        "x86_64-linux": {
          "outputs": [
            {
              "name": "out",
              "path": "/nix/store/27csmcaag2l3k9pki2y74il2bczkv4v7-openjdk-17.0.12+7",
              "default": true
            },
            {
              "name": "debug",
              "path": "/nix/store/dfq1jhdcdkmfls4w85f1v208ihi3wmnf-openjdk-17.0.12+7-debug"
            }
          ],
          "store_path": "/nix/store/27csmcaag2l3k9pki2y74il2bczkv4v7-openjdk-17.0.12+7"
        }
      }
    },
    "nodejs@latest": {
      "last_modified": "2024-11-03T14:18:04Z",
      "plugin_version": "0.0.2",
      "resolved": "github:NixOS/nixpkgs/4ae2e647537bcdbb82265469442713d066675275#nodejs_23",
      "source": "devbox-search",
      "version": "23.1.0",
      "systems": {
        "aarch64-darwin": {
          "outputs": [
            {
              "name": "out",
              "path": "/nix/store/ly01l9cc6lxyzfwf60k0fhxrfsbzxgvi-nodejs-23.1.0",
              "default": true
            },
            {
              "name": "libv8",
              "path": "/nix/store/329kf3k7s5xldqm1hbb3hqhq41qqch0d-nodejs-23.1.0-libv8"
            }
          ],
          "store_path": "/nix/store/ly01l9cc6lxyzfwf60k0fhxrfsbzxgvi-nodejs-23.1.0"
        },
        "aarch64-linux": {
          "outputs": [
            {
              "name": "out",
              "path": "/nix/store/0n7dihyccg34km0x1j39njx9kkc3v1lw-nodejs-23.1.0",
              "default": true
            },
            {
              "name": "libv8",
              "path": "/nix/store/ql540hc7qy2idfmv5jrf0vg8kisq6b40-nodejs-23.1.0-libv8"
            }
          ],
          "store_path": "/nix/store/0n7dihyccg34km0x1j39njx9kkc3v1lw-nodejs-23.1.0"
        },
        "x86_64-darwin": {
          "outputs": [
            {
              "name": "out",
              "path": "/nix/store/rn9a7zgmlsg4c6jzdyslwj0hapgjlkpw-nodejs-23.1.0",
              "default": true
            },
            {
              "name": "libv8",
              "path": "/nix/store/gr0zyx9kdmj62f8kaw6h2g9k6iypin3l-nodejs-23.1.0-libv8"
            }
          ],
          "store_path": "/nix/store/rn9a7zgmlsg4c6jzdyslwj0hapgjlkpw-nodejs-23.1.0"
        },
        "x86_64-linux": {
          "outputs": [
            {
              "name": "out",
              "path": "/nix/store/bc1blqcb391vjj251had3dbrnq5rb7md-nodejs-23.1.0",
              "default": true
            },
            {
              "name": "libv8",
              "path": "/nix/store/ba7nrcdqp8b6mk1lfc15gz4s97jwk2sc-nodejs-23.1.0-libv8"
            }
          ],
          "store_path": "/nix/store/bc1blqcb391vjj251had3dbrnq5rb7md-nodejs-23.1.0"
        }
      }
    },
    "pnpm@latest": {
      "last_modified": "2024-11-03T14:18:04Z",
      "resolved": "github:NixOS/nixpkgs/4ae2e647537bcdbb82265469442713d066675275#pnpm",
      "source": "devbox-search",
      "version": "9.12.3",
      "systems": {
        "aarch64-darwin": {
          "outputs": [
            {
              "name": "out",
              "path": "/nix/store/jnfsa8swb9f5ac3s1mc0pnq6zjr69i0b-pnpm-9.12.3",
              "default": true
            }
          ],
          "store_path": "/nix/store/jnfsa8swb9f5ac3s1mc0pnq6zjr69i0b-pnpm-9.12.3"
        },
        "aarch64-linux": {
          "outputs": [
            {
              "name": "out",
              "path": "/nix/store/cxqr84mgwxp3c5ns9smi1ylc24q5r4pf-pnpm-9.12.3",
              "default": true
            }
          ],
          "store_path": "/nix/store/cxqr84mgwxp3c5ns9smi1ylc24q5r4pf-pnpm-9.12.3"
        },
        "x86_64-darwin": {
          "outputs": [
            {
              "name": "out",
              "path": "/nix/store/zigjwhgz3w2n63dqcpfxiz1abgf1vj3l-pnpm-9.12.3",
              "default": true
            }
          ],
          "store_path": "/nix/store/zigjwhgz3w2n63dqcpfxiz1abgf1vj3l-pnpm-9.12.3"
        },
        "x86_64-linux": {
          "outputs": [
            {
              "name": "out",
              "path": "/nix/store/lw6676szir9gwzh4l9qmbnh2w8v84glg-pnpm-9.12.3",
              "default": true
            }
          ],
          "store_path": "/nix/store/lw6676szir9gwzh4l9qmbnh2w8v84glg-pnpm-9.12.3"
        }
      }
    },
    "python@latest": {
      "last_modified": "2024-11-03T14:18:04Z",
      "plugin_version": "0.0.4",
      "resolved": "github:NixOS/nixpkgs/4ae2e647537bcdbb82265469442713d066675275#python313",
      "source": "devbox-search",
      "version": "3.13.0",
      "systems": {
        "aarch64-darwin": {
          "outputs": [
            {
              "name": "out",
              "path": "/nix/store/ynpbisv3jxwwr5v2dh1v9648vagf0vbi-python3-3.13.0",
              "default": true
            }
          ],
          "store_path": "/nix/store/ynpbisv3jxwwr5v2dh1v9648vagf0vbi-python3-3.13.0"
        },
        "aarch64-linux": {
          "outputs": [
            {
              "name": "out",
              "path": "/nix/store/1izaqn5qsr8qwy9lxrbpvcfzps3krgzv-python3-3.13.0",
              "default": true
            },
            {
              "name": "debug",
              "path": "/nix/store/r36jpffanzqrzp1bnag5lryh2mxpvwh6-python3-3.13.0-debug"
            }
          ],
          "store_path": "/nix/store/1izaqn5qsr8qwy9lxrbpvcfzps3krgzv-python3-3.13.0"
        },
        "x86_64-darwin": {
          "outputs": [
            {
              "name": "out",
              "path": "/nix/store/sf14yykqd5cy1z31kqiyq8fwm17l5nwq-python3-3.13.0",
              "default": true
            }
          ],
          "store_path": "/nix/store/sf14yykqd5cy1z31kqiyq8fwm17l5nwq-python3-3.13.0"
        },
        "x86_64-linux": {
          "outputs": [
            {
              "name": "out",
              "path": "/nix/store/b5w6mr7v3mnl9s163yimdksddnwhvqyl-python3-3.13.0",
              "default": true
            },
            {
              "name": "debug",
              "path": "/nix/store/9wq8a39b66ls2jvyyd7nsmmhdl8vj0sy-python3-3.13.0-debug"
            }
          ],
          "store_path": "/nix/store/b5w6mr7v3mnl9s163yimdksddnwhvqyl-python3-3.13.0"
        }
      }
    },
    "streamlit@latest": {
      "last_modified": "2024-11-07T05:50:23Z",
      "resolved": "github:NixOS/nixpkgs/85f7e662eda4fa3a995556527c87b2524b691933#streamlit",
      "source": "devbox-search",
      "version": "1.39.0",
      "systems": {
        "aarch64-darwin": {
          "outputs": [
            {
              "name": "out",
              "path": "/nix/store/whdd06ry3bbxx3b0zys7qrlqsnbyi8ch-python3.12-streamlit-1.39.0",
              "default": true
            },
            {
              "name": "dist",
              "path": "/nix/store/323cy8jdrmi2lih0774av8g962slbzbk-python3.12-streamlit-1.39.0-dist"
            }
          ],
          "store_path": "/nix/store/whdd06ry3bbxx3b0zys7qrlqsnbyi8ch-python3.12-streamlit-1.39.0"
        },
        "aarch64-linux": {
          "outputs": [
            {
              "name": "out",
              "path": "/nix/store/8mj3v2h5pszp886f2cidbfy2qxxvdsj9-python3.12-streamlit-1.39.0",
              "default": true
            },
            {
              "name": "dist",
              "path": "/nix/store/xxw252lris4hc3v522z8lyj7w2qi3ws2-python3.12-streamlit-1.39.0-dist"
            }
          ],
          "store_path": "/nix/store/8mj3v2h5pszp886f2cidbfy2qxxvdsj9-python3.12-streamlit-1.39.0"
        },
        "x86_64-darwin": {
          "outputs": [
            {
              "name": "out",
              "path": "/nix/store/p17qz07wjjya5hxi9fav90kb7va48pfl-python3.12-streamlit-1.39.0",
              "default": true
            },
            {
              "name": "dist",
              "path": "/nix/store/hqsa8l2j2n4y4agvw73scwr6cbx6657h-python3.12-streamlit-1.39.0-dist"
            }
          ],
          "store_path": "/nix/store/p17qz07wjjya5hxi9fav90kb7va48pfl-python3.12-streamlit-1.39.0"
        },
        "x86_64-linux": {
          "outputs": [
            {
              "name": "out",
              "path": "/nix/store/rdlhh016hmqw8nnmq69wgby9igj7w50k-python3.12-streamlit-1.39.0",
              "default": true
            },
            {
              "name": "dist",
              "path": "/nix/store/z2p88vviam28zibcj57almm4rypgr8r7-python3.12-streamlit-1.39.0-dist"
            }
          ],
          "store_path": "/nix/store/rdlhh016hmqw8nnmq69wgby9igj7w50k-python3.12-streamlit-1.39.0"
        }
      }
    }
  }
}
