{
  "lockfile_version": "1",
  "packages": {
    "devbox@latest": {
      "last_modified": "2024-11-03T14:18:04Z",
      "resolved": "github:NixOS/nixpkgs/4ae2e647537bcdbb82265469442713d066675275#devbox",
      "source": "devbox-search",
      "version": "0.13.4",
      "systems": {
        "aarch64-darwin": {
          "outputs": [
            {
              "name": "out",
              "path": "/nix/store/h2klavwjqjbbynb5agkmqx2dz2c3j04a-devbox-0.13.4",
              "default": true
            }
          ],
          "store_path": "/nix/store/h2klavwjqjbbynb5agkmqx2dz2c3j04a-devbox-0.13.4"
        },
        "aarch64-linux": {
          "outputs": [
            {
              "name": "out",
              "path": "/nix/store/vzn3bax74nf95i862z7nkpgfmriwh8ay-devbox-0.13.4",
              "default": true
            }
          ],
          "store_path": "/nix/store/vzn3bax74nf95i862z7nkpgfmriwh8ay-devbox-0.13.4"
        },
        "x86_64-darwin": {
          "outputs": [
            {
              "name": "out",
              "path": "/nix/store/dcw3vm3g2hwfsdm7cqxfh0rgivc67l0i-devbox-0.13.4",
              "default": true
            }
          ],
          "store_path": "/nix/store/dcw3vm3g2hwfsdm7cqxfh0rgivc67l0i-devbox-0.13.4"
        },
        "x86_64-linux": {
          "outputs": [
            {
              "name": "out",
              "path": "/nix/store/psb3pkrhqwyykjdkhv273bjljbd7ksvx-devbox-0.13.4",
              "default": true
            }
          ],
          "store_path": "/nix/store/psb3pkrhqwyykjdkhv273bjljbd7ksvx-devbox-0.13.4"
        }
      }
    },
    "fnm@latest": {
      "last_modified": "2024-11-03T14:18:04Z",
      "resolved": "github:NixOS/nixpkgs/4ae2e647537bcdbb82265469442713d066675275#fnm",
      "source": "devbox-search",
      "version": "1.37.2",
      "systems": {
        "aarch64-darwin": {
          "outputs": [
            {
              "name": "out",
              "path": "/nix/store/93lbng6sacbjl9l62zipkach51cppkcr-fnm-1.37.2",
              "default": true
            }
          ],
          "store_path": "/nix/store/93lbng6sacbjl9l62zipkach51cppkcr-fnm-1.37.2"
        },
        "aarch64-linux": {
          "outputs": [
            {
              "name": "out",
              "path": "/nix/store/01s4s1smj9kcl3k7bsgimjmd1mpqjf4p-fnm-1.37.2",
              "default": true
            }
          ],
          "store_path": "/nix/store/01s4s1smj9kcl3k7bsgimjmd1mpqjf4p-fnm-1.37.2"
        },
        "x86_64-darwin": {
          "outputs": [
            {
              "name": "out",
              "path": "/nix/store/wd2jh2941kbcxf8373912n9wnpc17gkq-fnm-1.37.2",
              "default": true
            }
          ],
          "store_path": "/nix/store/wd2jh2941kbcxf8373912n9wnpc17gkq-fnm-1.37.2"
        },
        "x86_64-linux": {
          "outputs": [
            {
              "name": "out",
              "path": "/nix/store/5mkwm3kp2b3fhl95rl9dsmarhhb8czys-fnm-1.37.2",
              "default": true
            }
          ],
          "store_path": "/nix/store/5mkwm3kp2b3fhl95rl9dsmarhhb8czys-fnm-1.37.2"
        }
      }
    },
    "jdk@17": {
      "last_modified": "2024-11-03T14:18:04Z",
      "resolved": "github:NixOS/nixpkgs/4ae2e647537bcdbb82265469442713d066675275#jdk17",
      "source": "devbox-search",
      "version": "17.0.12+7",
      "systems": {
        "aarch64-linux": {
          "outputs": [
            {
              "name": "out",
              "path": "/nix/store/9b6v3yni3s7785xq1xshqjs25hmdwhr6-openjdk-17.0.12+7",
              "default": true
            },
            {
              "name": "debug",
              "path": "/nix/store/wyj0kpfr2wm9ii65njjh7nq6pxvq5nqk-openjdk-17.0.12+7-debug"
            }
          ],
          "store_path": "/nix/store/9b6v3yni3s7785xq1xshqjs25hmdwhr6-openjdk-17.0.12+7"
        },
        "x86_64-linux": {
          "outputs": [
            {
              "name": "out",
              "path": "/nix/store/27csmcaag2l3k9pki2y74il2bczkv4v7-openjdk-17.0.12+7",
              "default": true
            },
            {
              "name": "debug",
              "path": "/nix/store/dfq1jhdcdkmfls4w85f1v208ihi3wmnf-openjdk-17.0.12+7-debug"
            }
          ],
          "store_path": "/nix/store/27csmcaag2l3k9pki2y74il2bczkv4v7-openjdk-17.0.12+7"
        }
      }
    },
    "python@latest": {
      "last_modified": "2024-11-03T14:18:04Z",
      "plugin_version": "0.0.4",
      "resolved": "github:NixOS/nixpkgs/4ae2e647537bcdbb82265469442713d066675275#python313",
      "source": "devbox-search",
      "version": "3.13.0",
      "systems": {
        "aarch64-darwin": {
          "outputs": [
            {
              "name": "out",
              "path": "/nix/store/ynpbisv3jxwwr5v2dh1v9648vagf0vbi-python3-3.13.0",
              "default": true
            }
          ],
          "store_path": "/nix/store/ynpbisv3jxwwr5v2dh1v9648vagf0vbi-python3-3.13.0"
        },
        "aarch64-linux": {
          "outputs": [
            {
              "name": "out",
              "path": "/nix/store/1izaqn5qsr8qwy9lxrbpvcfzps3krgzv-python3-3.13.0",
              "default": true
            },
            {
              "name": "debug",
              "path": "/nix/store/r36jpffanzqrzp1bnag5lryh2mxpvwh6-python3-3.13.0-debug"
            }
          ],
          "store_path": "/nix/store/1izaqn5qsr8qwy9lxrbpvcfzps3krgzv-python3-3.13.0"
        },
        "x86_64-darwin": {
          "outputs": [
            {
              "name": "out",
              "path": "/nix/store/sf14yykqd5cy1z31kqiyq8fwm17l5nwq-python3-3.13.0",
              "default": true
            }
          ],
          "store_path": "/nix/store/sf14yykqd5cy1z31kqiyq8fwm17l5nwq-python3-3.13.0"
        },
        "x86_64-linux": {
          "outputs": [
            {
              "name": "out",
              "path": "/nix/store/b5w6mr7v3mnl9s163yimdksddnwhvqyl-python3-3.13.0",
              "default": true
            },
            {
              "name": "debug",
              "path": "/nix/store/9wq8a39b66ls2jvyyd7nsmmhdl8vj0sy-python3-3.13.0-debug"
            }
          ],
          "store_path": "/nix/store/b5w6mr7v3mnl9s163yimdksddnwhvqyl-python3-3.13.0"
        }
      }
    }
  }
}
